
Microsoft Visual Studio Solution File, Format Version 12.00
# Visual Studio 15
VisualStudioVersion = 15.0.26730.16
MinimumVisualStudioVersion = 10.0.40219.1
Project("{FAE04EC0-301F-11D3-BF4B-00C04F79EFBC}") = "wtfmc", "wtfmc\wtfmc.csproj", "{50EBBA22-6E72-4C7C-B6D6-C14A49D21B04}"
EndProject
Project("{FAE04EC0-301F-11D3-BF4B-00C04F79EFBC}") = "unit", "wtfmc_unit\unit.csproj", "{2A035B27-81FA-41BF-9397-4876169BB3BB}"
EndProject
Global
	GlobalSection(SolutionConfigurationPlatforms) = preSolution
		Debug|Any CPU = Debug|Any CPU
		Release|Any CPU = Release|Any CPU
	EndGlobalSection
	GlobalSection(ProjectConfigurationPlatforms) = postSolution
		{50EBBA22-6E72-4C7C-B6D6-C14A49D21B04}.Debug|Any CPU.ActiveCfg = Debug|Any CPU
		{50EBBA22-6E72-4C7C-B6D6-C14A49D21B04}.Debug|Any CPU.Build.0 = Debug|Any CPU
		{50EBBA22-6E72-4C7C-B6D6-C14A49D21B04}.Release|Any CPU.ActiveCfg = Release|Any CPU
		{50EBBA22-6E72-4C7C-B6D6-C14A49D21B04}.Release|Any CPU.Build.0 = Release|Any CPU
		{2A035B27-81FA-41BF-9397-4876169BB3BB}.Debug|Any CPU.ActiveCfg = Debug|Any CPU
		{2A035B27-81FA-41BF-9397-4876169BB3BB}.Debug|Any CPU.Build.0 = Debug|Any CPU
		{2A035B27-81FA-41BF-9397-4876169BB3BB}.Release|Any CPU.ActiveCfg = Release|Any CPU
		{2A035B27-81FA-41BF-9397-4876169BB3BB}.Release|Any CPU.Build.0 = Release|Any CPU
	EndGlobalSection
	GlobalSection(SolutionProperties) = preSolution
		HideSolutionNode = FALSE
	EndGlobalSection
	GlobalSection(ExtensibilityGlobals) = postSolution
		SolutionGuid = {0B3C32AC-1BEB-41CC-BA6B-EE44DC173B7C}
	EndGlobalSection
EndGlobal
